
Microsoft Visual Studio Solution File, Format Version 12.00
# Visual Studio Version 16
VisualStudioVersion = 16.0.36128.20
MinimumVisualStudioVersion = 10.0.40219.1
Project("{FAE04EC0-301F-11D3-BF4B-00C04F79EFBC}") = "DogWalker", "DogWalker\DogWalker.csproj", "{1CF2B3A0-ED87-4E39-9AF7-C5451A0E6522}"
EndProject
Global
	GlobalSection(SolutionConfigurationPlatforms) = preSolution
		Debug|Any CPU = Debug|Any CPU
		Release|Any CPU = Release|Any CPU
	EndGlobalSection
	GlobalSection(ProjectConfigurationPlatforms) = postSolution
		{1CF2B3A0-ED87-4E39-9AF7-C5451A0E6522}.Debug|Any CPU.ActiveCfg = Debug|Any CPU
		{1CF2B3A0-ED87-4E39-9AF7-C5451A0E6522}.Debug|Any CPU.Build.0 = Debug|Any CPU
		{1CF2B3A0-ED87-4E39-9AF7-C5451A0E6522}.Release|Any CPU.ActiveCfg = Release|Any CPU
		{1CF2B3A0-ED87-4E39-9AF7-C5451A0E6522}.Release|Any CPU.Build.0 = Release|Any CPU
	EndGlobalSection
	GlobalSection(SolutionProperties) = preSolution
		HideSolutionNode = FALSE
	EndGlobalSection
	GlobalSection(ExtensibilityGlobals) = postSolution
		SolutionGuid = {FA8EA1F9-8260-4D82-BA56-B062460CF9C5}
	EndGlobalSection
EndGlobal
